// !$*UTF8*$!
{
	archiveVersion = 1;
	classes = {
	};
	objectVersion = 50;
	objects = {

/* Begin PBXBuildFile section */
		6414C6C221DD4F8F00BCA343 /* DetailListPuppiesCollectionViewCell.swift in Sources */ = {isa = PBXBuildFile; fileRef = 6414C6C121DD4F8F00BCA343 /* DetailListPuppiesCollectionViewCell.swift */; };
		6414C6C421DD577B00BCA343 /* ImagePuppyViewController.swift in Sources */ = {isa = PBXBuildFile; fileRef = 6414C6C321DD577B00BCA343 /* ImagePuppyViewController.swift */; };
		6414C6C921E02F3100BCA343 /* PuppiesService.swift in Sources */ = {isa = PBXBuildFile; fileRef = 6414C6C821E02F3100BCA343 /* PuppiesService.swift */; };
		6414C6CB21E0DC6E00BCA343 /* PuppiesAsyncImage.swift in Sources */ = {isa = PBXBuildFile; fileRef = 6414C6CA21E0DC6E00BCA343 /* PuppiesAsyncImage.swift */; };
		6414C6D221E2A3B300BCA343 /* ImageCache.swift in Sources */ = {isa = PBXBuildFile; fileRef = 6414C6D121E2A3B300BCA343 /* ImageCache.swift */; };
		7EC36C0721DF8E43006C261C /* Puppies.xcdatamodeld in Sources */ = {isa = PBXBuildFile; fileRef = 7EC36C0521DF8E43006C261C /* Puppies.xcdatamodeld */; };
		7EC36C0921DF9007006C261C /* PuppiesMainViewController.swift in Sources */ = {isa = PBXBuildFile; fileRef = 7EC36C0821DF9007006C261C /* PuppiesMainViewController.swift */; };
		D93AC78D21DCB9E700B9E817 /* AppDelegate.swift in Sources */ = {isa = PBXBuildFile; fileRef = D93AC78C21DCB9E700B9E817 /* AppDelegate.swift */; };
		D93AC78F21DCB9E700B9E817 /* ListPuppiesViewController.swift in Sources */ = {isa = PBXBuildFile; fileRef = D93AC78E21DCB9E700B9E817 /* ListPuppiesViewController.swift */; };
		D93AC79221DCB9E700B9E817 /* Main.storyboard in Resources */ = {isa = PBXBuildFile; fileRef = D93AC79021DCB9E700B9E817 /* Main.storyboard */; };
		D93AC79421DCB9E800B9E817 /* Assets.xcassets in Resources */ = {isa = PBXBuildFile; fileRef = D93AC79321DCB9E800B9E817 /* Assets.xcassets */; };
		D93AC79721DCB9E800B9E817 /* LaunchScreen.storyboard in Resources */ = {isa = PBXBuildFile; fileRef = D93AC79521DCB9E800B9E817 /* LaunchScreen.storyboard */; };
		D93AC7A521DCE41000B9E817 /* ListPuppiesCollectionViewCell.swift in Sources */ = {isa = PBXBuildFile; fileRef = D93AC7A421DCE41000B9E817 /* ListPuppiesCollectionViewCell.swift */; };
		D93AC7A721DCFEB400B9E817 /* DetailListPuppiesViewController.swift in Sources */ = {isa = PBXBuildFile; fileRef = D93AC7A621DCFEB400B9E817 /* DetailListPuppiesViewController.swift */; };
/* End PBXBuildFile section */

/* Begin PBXFileReference section */
		6414C6C121DD4F8F00BCA343 /* DetailListPuppiesCollectionViewCell.swift */ = {isa = PBXFileReference; lastKnownFileType = sourcecode.swift; path = DetailListPuppiesCollectionViewCell.swift; sourceTree = "<group>"; };
		6414C6C321DD577B00BCA343 /* ImagePuppyViewController.swift */ = {isa = PBXFileReference; lastKnownFileType = sourcecode.swift; path = ImagePuppyViewController.swift; sourceTree = "<group>"; };
		6414C6C821E02F3100BCA343 /* PuppiesService.swift */ = {isa = PBXFileReference; lastKnownFileType = sourcecode.swift; path = PuppiesService.swift; sourceTree = "<group>"; };
		6414C6CA21E0DC6E00BCA343 /* PuppiesAsyncImage.swift */ = {isa = PBXFileReference; lastKnownFileType = sourcecode.swift; path = PuppiesAsyncImage.swift; sourceTree = "<group>"; };
		6414C6D121E2A3B300BCA343 /* ImageCache.swift */ = {isa = PBXFileReference; lastKnownFileType = sourcecode.swift; path = ImageCache.swift; sourceTree = "<group>"; };
		7EC36C0621DF8E43006C261C /* EntryEntity.xcdatamodel */ = {isa = PBXFileReference; lastKnownFileType = wrapper.xcdatamodel; path = EntryEntity.xcdatamodel; sourceTree = "<group>"; };
		7EC36C0821DF9007006C261C /* PuppiesMainViewController.swift */ = {isa = PBXFileReference; lastKnownFileType = sourcecode.swift; path = PuppiesMainViewController.swift; sourceTree = "<group>"; };
		D93AC78921DCB9E700B9E817 /* puppies.app */ = {isa = PBXFileReference; explicitFileType = wrapper.application; includeInIndex = 0; path = puppies.app; sourceTree = BUILT_PRODUCTS_DIR; };
		D93AC78C21DCB9E700B9E817 /* AppDelegate.swift */ = {isa = PBXFileReference; lastKnownFileType = sourcecode.swift; path = AppDelegate.swift; sourceTree = "<group>"; };
		D93AC78E21DCB9E700B9E817 /* ListPuppiesViewController.swift */ = {isa = PBXFileReference; lastKnownFileType = sourcecode.swift; path = ListPuppiesViewController.swift; sourceTree = "<group>"; };
		D93AC79121DCB9E700B9E817 /* Base */ = {isa = PBXFileReference; lastKnownFileType = file.storyboard; name = Base; path = Base.lproj/Main.storyboard; sourceTree = "<group>"; };
		D93AC79321DCB9E800B9E817 /* Assets.xcassets */ = {isa = PBXFileReference; lastKnownFileType = folder.assetcatalog; path = Assets.xcassets; sourceTree = "<group>"; };
		D93AC79621DCB9E800B9E817 /* Base */ = {isa = PBXFileReference; lastKnownFileType = file.storyboard; name = Base; path = Base.lproj/LaunchScreen.storyboard; sourceTree = "<group>"; };
		D93AC79821DCB9E800B9E817 /* Info.plist */ = {isa = PBXFileReference; lastKnownFileType = text.plist.xml; path = Info.plist; sourceTree = "<group>"; };
		D93AC7A421DCE41000B9E817 /* ListPuppiesCollectionViewCell.swift */ = {isa = PBXFileReference; lastKnownFileType = sourcecode.swift; path = ListPuppiesCollectionViewCell.swift; sourceTree = "<group>"; };
		D93AC7A621DCFEB400B9E817 /* DetailListPuppiesViewController.swift */ = {isa = PBXFileReference; lastKnownFileType = sourcecode.swift; path = DetailListPuppiesViewController.swift; sourceTree = "<group>"; };
/* End PBXFileReference section */

/* Begin PBXFrameworksBuildPhase section */
		D93AC78621DCB9E700B9E817 /* Frameworks */ = {
			isa = PBXFrameworksBuildPhase;
			buildActionMask = 2147483647;
			files = (
			);
			runOnlyForDeploymentPostprocessing = 0;
		};
/* End PBXFrameworksBuildPhase section */

/* Begin PBXGroup section */
		6414C6C721DD58B800BCA343 /* DetailListPuppies */ = {
			isa = PBXGroup;
			children = (
				D93AC7A621DCFEB400B9E817 /* DetailListPuppiesViewController.swift */,
				6414C6C121DD4F8F00BCA343 /* DetailListPuppiesCollectionViewCell.swift */,
			);
			path = DetailListPuppies;
			sourceTree = "<group>";
		};
		6414C6CC21E1672200BCA343 /* ListPuppies */ = {
			isa = PBXGroup;
			children = (
				D93AC78E21DCB9E700B9E817 /* ListPuppiesViewController.swift */,
				D93AC7A421DCE41000B9E817 /* ListPuppiesCollectionViewCell.swift */,
			);
			path = ListPuppies;
			sourceTree = "<group>";
		};
		6414C6CE21E167A600BCA343 /* View */ = {
			isa = PBXGroup;
			children = (
				6414C6CC21E1672200BCA343 /* ListPuppies */,
				6414C6C721DD58B800BCA343 /* DetailListPuppies */,
				6414C6D321E2A6E100BCA343 /* ImagePuppie */,
			);
			path = View;
			sourceTree = "<group>";
		};
		6414C6CF21E167F100BCA343 /* Services */ = {
			isa = PBXGroup;
			children = (
				6414C6C821E02F3100BCA343 /* PuppiesService.swift */,
				6414C6CA21E0DC6E00BCA343 /* PuppiesAsyncImage.swift */,
				6414C6D121E2A3B300BCA343 /* ImageCache.swift */,
			);
			path = Services;
			sourceTree = "<group>";
		};
		6414C6D021E1685600BCA343 /* Model */ = {
			isa = PBXGroup;
			children = (
			);
			path = Model;
			sourceTree = "<group>";
		};
		6414C6D321E2A6E100BCA343 /* ImagePuppie */ = {
			isa = PBXGroup;
			children = (
				6414C6C321DD577B00BCA343 /* ImagePuppyViewController.swift */,
			);
			path = ImagePuppie;
			sourceTree = "<group>";
		};
		7EC36C0A21DF9387006C261C /* MyPuppie */ = {
			isa = PBXGroup;
			children = (
			);
			path = MyPuppie;
			sourceTree = "<group>";
		};
		D93AC78021DCB9E700B9E817 = {
			isa = PBXGroup;
			children = (
				D93AC78B21DCB9E700B9E817 /* puppies */,
				D93AC78A21DCB9E700B9E817 /* Products */,
			);
			sourceTree = "<group>";
		};
		D93AC78A21DCB9E700B9E817 /* Products */ = {
			isa = PBXGroup;
			children = (
				D93AC78921DCB9E700B9E817 /* puppies.app */,
			);
			name = Products;
			sourceTree = "<group>";
		};
		D93AC78B21DCB9E700B9E817 /* puppies */ = {
			isa = PBXGroup;
			children = (
				6414C6CE21E167A600BCA343 /* View */,
				6414C6CF21E167F100BCA343 /* Services */,
				6414C6D021E1685600BCA343 /* Model */,
				7EC36C0A21DF9387006C261C /* MyPuppie */,
				7EC36C0821DF9007006C261C /* PuppiesMainViewController.swift */,
				7EC36C0521DF8E43006C261C /* Puppies.xcdatamodeld */,
				D93AC78C21DCB9E700B9E817 /* AppDelegate.swift */,
				D93AC79021DCB9E700B9E817 /* Main.storyboard */,
				D93AC79521DCB9E800B9E817 /* LaunchScreen.storyboard */,
				D93AC79321DCB9E800B9E817 /* Assets.xcassets */,
				D93AC79821DCB9E800B9E817 /* Info.plist */,
			);
			path = puppies;
			sourceTree = "<group>";
		};
/* End PBXGroup section */

/* Begin PBXNativeTarget section */
		D93AC78821DCB9E700B9E817 /* puppies */ = {
			isa = PBXNativeTarget;
			buildConfigurationList = D93AC79B21DCB9E800B9E817 /* Build configuration list for PBXNativeTarget "puppies" */;
			buildPhases = (
				D93AC78521DCB9E700B9E817 /* Sources */,
				D93AC78621DCB9E700B9E817 /* Frameworks */,
				D93AC78721DCB9E700B9E817 /* Resources */,
			);
			buildRules = (
			);
			dependencies = (
			);
			name = puppies;
			productName = puppies;
			productReference = D93AC78921DCB9E700B9E817 /* puppies.app */;
			productType = "com.apple.product-type.application";
		};
/* End PBXNativeTarget section */

/* Begin PBXProject section */
		D93AC78121DCB9E700B9E817 /* Project object */ = {
			isa = PBXProject;
			attributes = {
				LastSwiftUpdateCheck = 1010;
				LastUpgradeCheck = 1010;
				ORGANIZATIONNAME = "Endalia Sistemas";
				TargetAttributes = {
					D93AC78821DCB9E700B9E817 = {
						CreatedOnToolsVersion = 10.1;
					};
				};
			};
			buildConfigurationList = D93AC78421DCB9E700B9E817 /* Build configuration list for PBXProject "puppies" */;
			compatibilityVersion = "Xcode 9.3";
			developmentRegion = en;
			hasScannedForEncodings = 0;
			knownRegions = (
				en,
				Base,
			);
			mainGroup = D93AC78021DCB9E700B9E817;
			productRefGroup = D93AC78A21DCB9E700B9E817 /* Products */;
			projectDirPath = "";
			projectRoot = "";
			targets = (
				D93AC78821DCB9E700B9E817 /* puppies */,
			);
		};
/* End PBXProject section */

/* Begin PBXResourcesBuildPhase section */
		D93AC78721DCB9E700B9E817 /* Resources */ = {
			isa = PBXResourcesBuildPhase;
			buildActionMask = 2147483647;
			files = (
				D93AC79721DCB9E800B9E817 /* LaunchScreen.storyboard in Resources */,
				D93AC79421DCB9E800B9E817 /* Assets.xcassets in Resources */,
				D93AC79221DCB9E700B9E817 /* Main.storyboard in Resources */,
			);
			runOnlyForDeploymentPostprocessing = 0;
		};
/* End PBXResourcesBuildPhase section */

/* Begin PBXSourcesBuildPhase section */
		D93AC78521DCB9E700B9E817 /* Sources */ = {
			isa = PBXSourcesBuildPhase;
			buildActionMask = 2147483647;
			files = (
				6414C6C221DD4F8F00BCA343 /* DetailListPuppiesCollectionViewCell.swift in Sources */,
				6414C6CB21E0DC6E00BCA343 /* PuppiesAsyncImage.swift in Sources */,
				7EC36C0721DF8E43006C261C /* Puppies.xcdatamodeld in Sources */,
				D93AC78F21DCB9E700B9E817 /* ListPuppiesViewController.swift in Sources */,
				6414C6D221E2A3B300BCA343 /* ImageCache.swift in Sources */,
				D93AC78D21DCB9E700B9E817 /* AppDelegate.swift in Sources */,
				D93AC7A521DCE41000B9E817 /* ListPuppiesCollectionViewCell.swift in Sources */,
				D93AC7A721DCFEB400B9E817 /* DetailListPuppiesViewController.swift in Sources */,
				6414C6C421DD577B00BCA343 /* ImagePuppyViewController.swift in Sources */,
				6414C6C921E02F3100BCA343 /* PuppiesService.swift in Sources */,
				7EC36C0921DF9007006C261C /* PuppiesMainViewController.swift in Sources */,
			);
			runOnlyForDeploymentPostprocessing = 0;
		};
/* End PBXSourcesBuildPhase section */

/* Begin PBXVariantGroup section */
		D93AC79021DCB9E700B9E817 /* Main.storyboard */ = {
			isa = PBXVariantGroup;
			children = (
				D93AC79121DCB9E700B9E817 /* Base */,
			);
			name = Main.storyboard;
			sourceTree = "<group>";
		};
		D93AC79521DCB9E800B9E817 /* LaunchScreen.storyboard */ = {
			isa = PBXVariantGroup;
			children = (
				D93AC79621DCB9E800B9E817 /* Base */,
			);
			name = LaunchScreen.storyboard;
			sourceTree = "<group>";
		};
/* End PBXVariantGroup section */

/* Begin XCBuildConfiguration section */
		D93AC79921DCB9E800B9E817 /* Debug */ = {
			isa = XCBuildConfiguration;
			buildSettings = {
				ALWAYS_SEARCH_USER_PATHS = NO;
				CLANG_ANALYZER_NONNULL = YES;
				CLANG_ANALYZER_NUMBER_OBJECT_CONVERSION = YES_AGGRESSIVE;
				CLANG_CXX_LANGUAGE_STANDARD = "gnu++14";
				CLANG_CXX_LIBRARY = "libc++";
				CLANG_ENABLE_MODULES = YES;
				CLANG_ENABLE_OBJC_ARC = YES;
				CLANG_ENABLE_OBJC_WEAK = YES;
				CLANG_WARN_BLOCK_CAPTURE_AUTORELEASING = YES;
				CLANG_WARN_BOOL_CONVERSION = YES;
				CLANG_WARN_COMMA = YES;
				CLANG_WARN_CONSTANT_CONVERSION = YES;
				CLANG_WARN_DEPRECATED_OBJC_IMPLEMENTATIONS = YES;
				CLANG_WARN_DIRECT_OBJC_ISA_USAGE = YES_ERROR;
				CLANG_WARN_DOCUMENTATION_COMMENTS = YES;
				CLANG_WARN_EMPTY_BODY = YES;
				CLANG_WARN_ENUM_CONVERSION = YES;
				CLANG_WARN_INFINITE_RECURSION = YES;
				CLANG_WARN_INT_CONVERSION = YES;
				CLANG_WARN_NON_LITERAL_NULL_CONVERSION = YES;
				CLANG_WARN_OBJC_IMPLICIT_RETAIN_SELF = YES;
				CLANG_WARN_OBJC_LITERAL_CONVERSION = YES;
				CLANG_WARN_OBJC_ROOT_CLASS = YES_ERROR;
				CLANG_WARN_RANGE_LOOP_ANALYSIS = YES;
				CLANG_WARN_STRICT_PROTOTYPES = YES;
				CLANG_WARN_SUSPICIOUS_MOVE = YES;
				CLANG_WARN_UNGUARDED_AVAILABILITY = YES_AGGRESSIVE;
				CLANG_WARN_UNREACHABLE_CODE = YES;
				CLANG_WARN__DUPLICATE_METHOD_MATCH = YES;
				CODE_SIGN_IDENTITY = "iPhone Developer";
				COPY_PHASE_STRIP = NO;
				DEBUG_INFORMATION_FORMAT = dwarf;
				ENABLE_STRICT_OBJC_MSGSEND = YES;
				ENABLE_TESTABILITY = YES;
				GCC_C_LANGUAGE_STANDARD = gnu11;
				GCC_DYNAMIC_NO_PIC = NO;
				GCC_NO_COMMON_BLOCKS = YES;
				GCC_OPTIMIZATION_LEVEL = 0;
				GCC_PREPROCESSOR_DEFINITIONS = (
					"DEBUG=1",
					"$(inherited)",
				);
				GCC_WARN_64_TO_32_BIT_CONVERSION = YES;
				GCC_WARN_ABOUT_RETURN_TYPE = YES_ERROR;
				GCC_WARN_UNDECLARED_SELECTOR = YES;
				GCC_WARN_UNINITIALIZED_AUTOS = YES_AGGRESSIVE;
				GCC_WARN_UNUSED_FUNCTION = YES;
				GCC_WARN_UNUSED_VARIABLE = YES;
				IPHONEOS_DEPLOYMENT_TARGET = 12.1;
				MTL_ENABLE_DEBUG_INFO = INCLUDE_SOURCE;
				MTL_FAST_MATH = YES;
				ONLY_ACTIVE_ARCH = YES;
				SDKROOT = iphoneos;
				SWIFT_ACTIVE_COMPILATION_CONDITIONS = DEBUG;
				SWIFT_OPTIMIZATION_LEVEL = "-Onone";
			};
			name = Debug;
		};
		D93AC79A21DCB9E800B9E817 /* Release */ = {
			isa = XCBuildConfiguration;
			buildSettings = {
				ALWAYS_SEARCH_USER_PATHS = NO;
				CLANG_ANALYZER_NONNULL = YES;
				CLANG_ANALYZER_NUMBER_OBJECT_CONVERSION = YES_AGGRESSIVE;
				CLANG_CXX_LANGUAGE_STANDARD = "gnu++14";
				CLANG_CXX_LIBRARY = "libc++";
				CLANG_ENABLE_MODULES = YES;
				CLANG_ENABLE_OBJC_ARC = YES;
				CLANG_ENABLE_OBJC_WEAK = YES;
				CLANG_WARN_BLOCK_CAPTURE_AUTORELEASING = YES;
				CLANG_WARN_BOOL_CONVERSION = YES;
				CLANG_WARN_COMMA = YES;
				CLANG_WARN_CONSTANT_CONVERSION = YES;
				CLANG_WARN_DEPRECATED_OBJC_IMPLEMENTATIONS = YES;
				CLANG_WARN_DIRECT_OBJC_ISA_USAGE = YES_ERROR;
				CLANG_WARN_DOCUMENTATION_COMMENTS = YES;
				CLANG_WARN_EMPTY_BODY = YES;
				CLANG_WARN_ENUM_CONVERSION = YES;
				CLANG_WARN_INFINITE_RECURSION = YES;
				CLANG_WARN_INT_CONVERSION = YES;
				CLANG_WARN_NON_LITERAL_NULL_CONVERSION = YES;
				CLANG_WARN_OBJC_IMPLICIT_RETAIN_SELF = YES;
				CLANG_WARN_OBJC_LITERAL_CONVERSION = YES;
				CLANG_WARN_OBJC_ROOT_CLASS = YES_ERROR;
				CLANG_WARN_RANGE_LOOP_ANALYSIS = YES;
				CLANG_WARN_STRICT_PROTOTYPES = YES;
				CLANG_WARN_SUSPICIOUS_MOVE = YES;
				CLANG_WARN_UNGUARDED_AVAILABILITY = YES_AGGRESSIVE;
				CLANG_WARN_UNREACHABLE_CODE = YES;
				CLANG_WARN__DUPLICATE_METHOD_MATCH = YES;
				CODE_SIGN_IDENTITY = "iPhone Developer";
				COPY_PHASE_STRIP = NO;
				DEBUG_INFORMATION_FORMAT = "dwarf-with-dsym";
				ENABLE_NS_ASSERTIONS = NO;
				ENABLE_STRICT_OBJC_MSGSEND = YES;
				GCC_C_LANGUAGE_STANDARD = gnu11;
				GCC_NO_COMMON_BLOCKS = YES;
				GCC_WARN_64_TO_32_BIT_CONVERSION = YES;
				GCC_WARN_ABOUT_RETURN_TYPE = YES_ERROR;
				GCC_WARN_UNDECLARED_SELECTOR = YES;
				GCC_WARN_UNINITIALIZED_AUTOS = YES_AGGRESSIVE;
				GCC_WARN_UNUSED_FUNCTION = YES;
				GCC_WARN_UNUSED_VARIABLE = YES;
				IPHONEOS_DEPLOYMENT_TARGET = 12.1;
				MTL_ENABLE_DEBUG_INFO = NO;
				MTL_FAST_MATH = YES;
				SDKROOT = iphoneos;
				SWIFT_COMPILATION_MODE = wholemodule;
				SWIFT_OPTIMIZATION_LEVEL = "-O";
				VALIDATE_PRODUCT = YES;
			};
			name = Release;
		};
		D93AC79C21DCB9E800B9E817 /* Debug */ = {
			isa = XCBuildConfiguration;
			buildSettings = {
				ASSETCATALOG_COMPILER_APPICON_NAME = AppIcon;
				CODE_SIGN_STYLE = Automatic;
				DEVELOPMENT_TEAM = RDV2KJUFH7;
				INFOPLIST_FILE = puppies/Info.plist;
				IPHONEOS_DEPLOYMENT_TARGET = 12.0;
				LD_RUNPATH_SEARCH_PATHS = (
					"$(inherited)",
					"@executable_path/Frameworks",
				);
				PRODUCT_BUNDLE_IDENTIFIER = test.puppies;
				PRODUCT_NAME = "$(TARGET_NAME)";
				SWIFT_VERSION = 4.2;
				TARGETED_DEVICE_FAMILY = "1,2";
			};
			name = Debug;
		};
		D93AC79D21DCB9E800B9E817 /* Release */ = {
			isa = XCBuildConfiguration;
			buildSettings = {
				ASSETCATALOG_COMPILER_APPICON_NAME = AppIcon;
				CODE_SIGN_STYLE = Automatic;
				DEVELOPMENT_TEAM = RDV2KJUFH7;
				INFOPLIST_FILE = puppies/Info.plist;
				IPHONEOS_DEPLOYMENT_TARGET = 12.0;
				LD_RUNPATH_SEARCH_PATHS = (
					"$(inherited)",
					"@executable_path/Frameworks",
				);
				PRODUCT_BUNDLE_IDENTIFIER = test.puppies;
				PRODUCT_NAME = "$(TARGET_NAME)";
				SWIFT_VERSION = 4.2;
				TARGETED_DEVICE_FAMILY = "1,2";
			};
			name = Release;
		};
/* End XCBuildConfiguration section */

/* Begin XCConfigurationList section */
		D93AC78421DCB9E700B9E817 /* Build configuration list for PBXProject "puppies" */ = {
			isa = XCConfigurationList;
			buildConfigurations = (
				D93AC79921DCB9E800B9E817 /* Debug */,
				D93AC79A21DCB9E800B9E817 /* Release */,
			);
			defaultConfigurationIsVisible = 0;
			defaultConfigurationName = Release;
		};
		D93AC79B21DCB9E800B9E817 /* Build configuration list for PBXNativeTarget "puppies" */ = {
			isa = XCConfigurationList;
			buildConfigurations = (
				D93AC79C21DCB9E800B9E817 /* Debug */,
				D93AC79D21DCB9E800B9E817 /* Release */,
			);
			defaultConfigurationIsVisible = 0;
			defaultConfigurationName = Release;
		};
/* End XCConfigurationList section */

/* Begin XCVersionGroup section */
		7EC36C0521DF8E43006C261C /* Puppies.xcdatamodeld */ = {
			isa = XCVersionGroup;
			children = (
				7EC36C0621DF8E43006C261C /* EntryEntity.xcdatamodel */,
			);
			currentVersion = 7EC36C0621DF8E43006C261C /* EntryEntity.xcdatamodel */;
			path = Puppies.xcdatamodeld;
			sourceTree = "<group>";
			versionGroupType = wrapper.xcdatamodel;
		};
/* End XCVersionGroup section */
	};
	rootObject = D93AC78121DCB9E700B9E817 /* Project object */;
}
